
Microsoft Visual Studio Solution File, Format Version 12.00
# Visual Studio Version 17
VisualStudioVersion = 17.6.33717.318
MinimumVisualStudioVersion = 10.0.40219.1
Project("{FAE04EC0-301F-11D3-BF4B-00C04F79EFBC}") = "TitleShower", "TitleShower\TitleShower.csproj", "{589CD52F-3F16-4E7F-BE57-5AA391511BFE}"
EndProject
Global
	GlobalSection(SolutionConfigurationPlatforms) = preSolution
		Debug|Any CPU = Debug|Any CPU
		Release|Any CPU = Release|Any CPU
	EndGlobalSection
	GlobalSection(ProjectConfigurationPlatforms) = postSolution
		{589CD52F-3F16-4E7F-BE57-5AA391511BFE}.Debug|Any CPU.ActiveCfg = Debug|Any CPU
		{589CD52F-3F16-4E7F-BE57-5AA391511BFE}.Debug|Any CPU.Build.0 = Debug|Any CPU
		{589CD52F-3F16-4E7F-BE57-5AA391511BFE}.Release|Any CPU.ActiveCfg = Release|Any CPU
		{589CD52F-3F16-4E7F-BE57-5AA391511BFE}.Release|Any CPU.Build.0 = Release|Any CPU
	EndGlobalSection
	GlobalSection(SolutionProperties) = preSolution
		HideSolutionNode = FALSE
	EndGlobalSection
	GlobalSection(ExtensibilityGlobals) = postSolution
		SolutionGuid = {9553B564-B51B-4B00-9EB5-3AD6E83CA82D}
	EndGlobalSection
EndGlobal
